// !$*UTF8*$!
{
	archiveVersion = 1;
	classes = {
	};
	objectVersion = 50;
	objects = {

/* Begin PBXBuildFile section */
		5932F6112178637F008BB5C4 /* ACHDelicacyTableVCCellShop.xib in Resources */ = {isa = PBXBuildFile; fileRef = 5932F6102178637F008BB5C4 /* ACHDelicacyTableVCCellShop.xib */; };
		5932F613217863AA008BB5C4 /* ACHDelicacyTableVCCellShopDetail.xib in Resources */ = {isa = PBXBuildFile; fileRef = 5932F612217863AA008BB5C4 /* ACHDelicacyTableVCCellShopDetail.xib */; };
		5932F617217863CD008BB5C4 /* ACHDelicacyTableVCCellShop.m in Sources */ = {isa = PBXBuildFile; fileRef = 5932F616217863CD008BB5C4 /* ACHDelicacyTableVCCellShop.m */; };
		5932F61A217863DA008BB5C4 /* ACHDelicacyTableVCCellShopDetail.m in Sources */ = {isa = PBXBuildFile; fileRef = 5932F619217863DA008BB5C4 /* ACHDelicacyTableVCCellShopDetail.m */; };
		593A219C217476BA000431EB /* ACHFastView.m in Sources */ = {isa = PBXBuildFile; fileRef = 593A219B217476BA000431EB /* ACHFastView.m */; };
		593A219E217476F8000431EB /* ACHFastView.xib in Resources */ = {isa = PBXBuildFile; fileRef = 593A219D217476F8000431EB /* ACHFastView.xib */; };
		5973968E21784775002A94BB /* ACHDelicacyTableVCCell.m in Sources */ = {isa = PBXBuildFile; fileRef = 5973968C21784775002A94BB /* ACHDelicacyTableVCCell.m */; };
		5973968F21784775002A94BB /* ACHDelicacyTableVCCell.xib in Resources */ = {isa = PBXBuildFile; fileRef = 5973968D21784775002A94BB /* ACHDelicacyTableVCCell.xib */; };
		597A70352174C1E600C393A1 /* ACHSmallScrollViewCell.m in Sources */ = {isa = PBXBuildFile; fileRef = 597A70342174C1E600C393A1 /* ACHSmallScrollViewCell.m */; };
		597A70372174C20D00C393A1 /* ACHSmallScrollViewCell.xib in Resources */ = {isa = PBXBuildFile; fileRef = 597A70362174C20D00C393A1 /* ACHSmallScrollViewCell.xib */; };
		597A703A2174CF6000C393A1 /* ACHSmallScrollViewCellItem.m in Sources */ = {isa = PBXBuildFile; fileRef = 597A70392174CF6000C393A1 /* ACHSmallScrollViewCellItem.m */; };
		597A703D21759E9A00C393A1 /* ACHFirstViewTableViewCell.m in Sources */ = {isa = PBXBuildFile; fileRef = 597A703C21759E9A00C393A1 /* ACHFirstViewTableViewCell.m */; };
		597A70432175DAE300C393A1 /* ACHScrollView.m in Sources */ = {isa = PBXBuildFile; fileRef = 597A70422175DAE300C393A1 /* ACHScrollView.m */; };
		5989960C217708AE00BBB3BB /* ACHFirstHeadView.xib in Resources */ = {isa = PBXBuildFile; fileRef = 5989960B217708AE00BBB3BB /* ACHFirstHeadView.xib */; };
		5989960E21770E8500BBB3BB /* ACHFirstViewTableViewCell.xib in Resources */ = {isa = PBXBuildFile; fileRef = 5989960D21770E8500BBB3BB /* ACHFirstViewTableViewCell.xib */; };
		598A33A72176FA0C0040693C /* ACHFirstViewTableHeadView.m in Sources */ = {isa = PBXBuildFile; fileRef = 598A33A62176FA0C0040693C /* ACHFirstViewTableHeadView.m */; };
		598A33A92176FA1D0040693C /* ACHFirstViewTableHeadView.xib in Resources */ = {isa = PBXBuildFile; fileRef = 598A33A82176FA1D0040693C /* ACHFirstViewTableHeadView.xib */; };
		598A33AD2176FE480040693C /* ACHFirstHeadView.m in Sources */ = {isa = PBXBuildFile; fileRef = 598A33AC2176FE480040693C /* ACHFirstHeadView.m */; };
		5992299321760B56001A39DA /* ACHDelicacyTableVC.m in Sources */ = {isa = PBXBuildFile; fileRef = 5992299221760B56001A39DA /* ACHDelicacyTableVC.m */; };
		5992299621760FAF001A39DA /* UIView+frame.m in Sources */ = {isa = PBXBuildFile; fileRef = 5992299521760FAF001A39DA /* UIView+frame.m */; };
		59B7C8C2217353EC00D45AA4 /* AppDelegate.m in Sources */ = {isa = PBXBuildFile; fileRef = 59B7C8C1217353EC00D45AA4 /* AppDelegate.m */; };
		59B7C8CD217353ED00D45AA4 /* LaunchScreen.storyboard in Resources */ = {isa = PBXBuildFile; fileRef = 59B7C8CB217353ED00D45AA4 /* LaunchScreen.storyboard */; };
		59B7C8D0217353ED00D45AA4 /* main.m in Sources */ = {isa = PBXBuildFile; fileRef = 59B7C8CF217353ED00D45AA4 /* main.m */; };
		59B7C8E5217355FD00D45AA4 /* Assets.xcassets in Resources */ = {isa = PBXBuildFile; fileRef = 59B7C8E4217355FD00D45AA4 /* Assets.xcassets */; };
		59B7C8EB2173597600D45AA4 /* ACHWelcomVC.m in Sources */ = {isa = PBXBuildFile; fileRef = 59B7C8EA2173597600D45AA4 /* ACHWelcomVC.m */; };
		59B7C8F0217363D100D45AA4 /* ACHWelcomVC.storyboard in Resources */ = {isa = PBXBuildFile; fileRef = 59B7C8EF217363D100D45AA4 /* ACHWelcomVC.storyboard */; };
		59B7C8F421736D8D00D45AA4 /* ACHButton.m in Sources */ = {isa = PBXBuildFile; fileRef = 59B7C8F321736D8D00D45AA4 /* ACHButton.m */; };
		59B7C8F72173706B00D45AA4 /* ACHTabBarController.m in Sources */ = {isa = PBXBuildFile; fileRef = 59B7C8F62173706B00D45AA4 /* ACHTabBarController.m */; };
		59B7C9122173720D00D45AA4 /* ACHFirstViewNAVC.m in Sources */ = {isa = PBXBuildFile; fileRef = 59B7C9112173720D00D45AA4 /* ACHFirstViewNAVC.m */; };
		59B7C9152173724100D45AA4 /* ACHDelicacyNAVC.m in Sources */ = {isa = PBXBuildFile; fileRef = 59B7C9142173724100D45AA4 /* ACHDelicacyNAVC.m */; };
		59B7C9182173726A00D45AA4 /* ACHShopCarNAVC.m in Sources */ = {isa = PBXBuildFile; fileRef = 59B7C9172173726A00D45AA4 /* ACHShopCarNAVC.m */; };
		59B7C91B2173728000D45AA4 /* ACHMeNAVC.m in Sources */ = {isa = PBXBuildFile; fileRef = 59B7C91A2173728000D45AA4 /* ACHMeNAVC.m */; };
		59B7C91F2173784500D45AA4 /* UIImage+ACH.m in Sources */ = {isa = PBXBuildFile; fileRef = 59B7C91E2173784500D45AA4 /* UIImage+ACH.m */; };
		59B7C92021737E9700D45AA4 /* ACHFirstViewNAVC.h in Sources */ = {isa = PBXBuildFile; fileRef = 59B7C9102173720D00D45AA4 /* ACHFirstViewNAVC.h */; };
		59B7C923217380E900D45AA4 /* ACHNAVC.m in Sources */ = {isa = PBXBuildFile; fileRef = 59B7C922217380E900D45AA4 /* ACHNAVC.m */; };
		59B7C92621738ADD00D45AA4 /* ACHFirstViewTableVC.m in Sources */ = {isa = PBXBuildFile; fileRef = 59B7C92521738ADD00D45AA4 /* ACHFirstViewTableVC.m */; };
		59B7C92A217391E600D45AA4 /* ACHFirstViewTranslationAnimtor.m in Sources */ = {isa = PBXBuildFile; fileRef = 59B7C929217391E600D45AA4 /* ACHFirstViewTranslationAnimtor.m */; };
		59C776AE217995D300A19FD3 /* ACHFirstViewController.m in Sources */ = {isa = PBXBuildFile; fileRef = 59C776AD217995D300A19FD3 /* ACHFirstViewController.m */; };
		59C776B12179AF1D00A19FD3 /* ACHDelicacyTableVCHeadView.m in Sources */ = {isa = PBXBuildFile; fileRef = 59C776B02179AF1D00A19FD3 /* ACHDelicacyTableVCHeadView.m */; };
		59C776B32179AF2B00A19FD3 /* ACHDelicacyTableVCHeadView.xib in Resources */ = {isa = PBXBuildFile; fileRef = 59C776B22179AF2B00A19FD3 /* ACHDelicacyTableVCHeadView.xib */; };
		59C776B62179EC3700A19FD3 /* ACHFirstViewDrivenInteractiveTransition.m in Sources */ = {isa = PBXBuildFile; fileRef = 59C776B52179EC3700A19FD3 /* ACHFirstViewDrivenInteractiveTransition.m */; };
		59E88C112178CA05008ED61F /* ACHDelicacyTableSectionHeaderView.m in Sources */ = {isa = PBXBuildFile; fileRef = 59E88C102178CA05008ED61F /* ACHDelicacyTableSectionHeaderView.m */; };
		59E88C132178CA12008ED61F /* ACHDelicacyTableSectionHeaderView.xib in Resources */ = {isa = PBXBuildFile; fileRef = 59E88C122178CA12008ED61F /* ACHDelicacyTableSectionHeaderView.xib */; };
		59F21CC22177636A0080F93E /* ACHFirstViewTableViewCellItem.m in Sources */ = {isa = PBXBuildFile; fileRef = 59F21CC12177636A0080F93E /* ACHFirstViewTableViewCellItem.m */; };
		59F21CC521778B210080F93E /* ACHDelicacyTableVCCellItem.m in Sources */ = {isa = PBXBuildFile; fileRef = 59F21CC421778B210080F93E /* ACHDelicacyTableVCCellItem.m */; };
		59F61962217CCFAE00148209 /* ACHShopCarVC.m in Sources */ = {isa = PBXBuildFile; fileRef = 59F61961217CCFAE00148209 /* ACHShopCarVC.m */; };
		59FFC4A9217AF03F006C9998 /* ACHFirstViewNAVCBar.xib in Resources */ = {isa = PBXBuildFile; fileRef = 59FFC4A8217AF03F006C9998 /* ACHFirstViewNAVCBar.xib */; };
		59FFC4AC217AF062006C9998 /* ACHFirstViewNAVCBar.m in Sources */ = {isa = PBXBuildFile; fileRef = 59FFC4AB217AF062006C9998 /* ACHFirstViewNAVCBar.m */; };
/* End PBXBuildFile section */

/* Begin PBXContainerItemProxy section */
		59B7C8D6217353ED00D45AA4 /* PBXContainerItemProxy */ = {
			isa = PBXContainerItemProxy;
			containerPortal = 59B7C8B5217353EB00D45AA4 /* Project object */;
			proxyType = 1;
			remoteGlobalIDString = 59B7C8BC217353EB00D45AA4;
			remoteInfo = ACHestia;
		};
/* End PBXContainerItemProxy section */

/* Begin PBXFileReference section */
		5932F6102178637F008BB5C4 /* ACHDelicacyTableVCCellShop.xib */ = {isa = PBXFileReference; lastKnownFileType = file.xib; path = ACHDelicacyTableVCCellShop.xib; sourceTree = "<group>"; };
		5932F612217863AA008BB5C4 /* ACHDelicacyTableVCCellShopDetail.xib */ = {isa = PBXFileReference; lastKnownFileType = file.xib; path = ACHDelicacyTableVCCellShopDetail.xib; sourceTree = "<group>"; };
		5932F615217863CD008BB5C4 /* ACHDelicacyTableVCCellShop.h */ = {isa = PBXFileReference; lastKnownFileType = sourcecode.c.h; path = ACHDelicacyTableVCCellShop.h; sourceTree = "<group>"; };
		5932F616217863CD008BB5C4 /* ACHDelicacyTableVCCellShop.m */ = {isa = PBXFileReference; lastKnownFileType = sourcecode.c.objc; path = ACHDelicacyTableVCCellShop.m; sourceTree = "<group>"; };
		5932F618217863DA008BB5C4 /* ACHDelicacyTableVCCellShopDetail.h */ = {isa = PBXFileReference; lastKnownFileType = sourcecode.c.h; path = ACHDelicacyTableVCCellShopDetail.h; sourceTree = "<group>"; };
		5932F619217863DA008BB5C4 /* ACHDelicacyTableVCCellShopDetail.m */ = {isa = PBXFileReference; lastKnownFileType = sourcecode.c.objc; path = ACHDelicacyTableVCCellShopDetail.m; sourceTree = "<group>"; };
		593A219A217476BA000431EB /* ACHFastView.h */ = {isa = PBXFileReference; lastKnownFileType = sourcecode.c.h; path = ACHFastView.h; sourceTree = "<group>"; };
		593A219B217476BA000431EB /* ACHFastView.m */ = {isa = PBXFileReference; lastKnownFileType = sourcecode.c.objc; path = ACHFastView.m; sourceTree = "<group>"; };
		593A219D217476F8000431EB /* ACHFastView.xib */ = {isa = PBXFileReference; lastKnownFileType = file.xib; path = ACHFastView.xib; sourceTree = "<group>"; };
		5973968B21784775002A94BB /* ACHDelicacyTableVCCell.h */ = {isa = PBXFileReference; lastKnownFileType = sourcecode.c.h; path = ACHDelicacyTableVCCell.h; sourceTree = "<group>"; };
		5973968C21784775002A94BB /* ACHDelicacyTableVCCell.m */ = {isa = PBXFileReference; lastKnownFileType = sourcecode.c.objc; path = ACHDelicacyTableVCCell.m; sourceTree = "<group>"; };
		5973968D21784775002A94BB /* ACHDelicacyTableVCCell.xib */ = {isa = PBXFileReference; lastKnownFileType = file.xib; path = ACHDelicacyTableVCCell.xib; sourceTree = "<group>"; };
		597A70332174C1E600C393A1 /* ACHSmallScrollViewCell.h */ = {isa = PBXFileReference; lastKnownFileType = sourcecode.c.h; path = ACHSmallScrollViewCell.h; sourceTree = "<group>"; };
		597A70342174C1E600C393A1 /* ACHSmallScrollViewCell.m */ = {isa = PBXFileReference; lastKnownFileType = sourcecode.c.objc; path = ACHSmallScrollViewCell.m; sourceTree = "<group>"; };
		597A70362174C20D00C393A1 /* ACHSmallScrollViewCell.xib */ = {isa = PBXFileReference; lastKnownFileType = file.xib; path = ACHSmallScrollViewCell.xib; sourceTree = "<group>"; };
		597A70382174CF6000C393A1 /* ACHSmallScrollViewCellItem.h */ = {isa = PBXFileReference; lastKnownFileType = sourcecode.c.h; path = ACHSmallScrollViewCellItem.h; sourceTree = "<group>"; };
		597A70392174CF6000C393A1 /* ACHSmallScrollViewCellItem.m */ = {isa = PBXFileReference; lastKnownFileType = sourcecode.c.objc; path = ACHSmallScrollViewCellItem.m; sourceTree = "<group>"; };
		597A703B21759E9A00C393A1 /* ACHFirstViewTableViewCell.h */ = {isa = PBXFileReference; lastKnownFileType = sourcecode.c.h; path = ACHFirstViewTableViewCell.h; sourceTree = "<group>"; };
		597A703C21759E9A00C393A1 /* ACHFirstViewTableViewCell.m */ = {isa = PBXFileReference; lastKnownFileType = sourcecode.c.objc; path = ACHFirstViewTableViewCell.m; sourceTree = "<group>"; };
		597A70412175DAE300C393A1 /* ACHScrollView.h */ = {isa = PBXFileReference; lastKnownFileType = sourcecode.c.h; path = ACHScrollView.h; sourceTree = "<group>"; };
		597A70422175DAE300C393A1 /* ACHScrollView.m */ = {isa = PBXFileReference; lastKnownFileType = sourcecode.c.objc; path = ACHScrollView.m; sourceTree = "<group>"; };
		5989960B217708AE00BBB3BB /* ACHFirstHeadView.xib */ = {isa = PBXFileReference; lastKnownFileType = file.xib; path = ACHFirstHeadView.xib; sourceTree = "<group>"; };
		5989960D21770E8500BBB3BB /* ACHFirstViewTableViewCell.xib */ = {isa = PBXFileReference; lastKnownFileType = file.xib; path = ACHFirstViewTableViewCell.xib; sourceTree = "<group>"; };
		598A33A52176FA0C0040693C /* ACHFirstViewTableHeadView.h */ = {isa = PBXFileReference; lastKnownFileType = sourcecode.c.h; path = ACHFirstViewTableHeadView.h; sourceTree = "<group>"; };
		598A33A62176FA0C0040693C /* ACHFirstViewTableHeadView.m */ = {isa = PBXFileReference; lastKnownFileType = sourcecode.c.objc; path = ACHFirstViewTableHeadView.m; sourceTree = "<group>"; };
		598A33A82176FA1D0040693C /* ACHFirstViewTableHeadView.xib */ = {isa = PBXFileReference; lastKnownFileType = file.xib; path = ACHFirstViewTableHeadView.xib; sourceTree = "<group>"; };
		598A33AB2176FE480040693C /* ACHFirstHeadView.h */ = {isa = PBXFileReference; lastKnownFileType = sourcecode.c.h; path = ACHFirstHeadView.h; sourceTree = "<group>"; };
		598A33AC2176FE480040693C /* ACHFirstHeadView.m */ = {isa = PBXFileReference; lastKnownFileType = sourcecode.c.objc; path = ACHFirstHeadView.m; sourceTree = "<group>"; };
		5992299121760B56001A39DA /* ACHDelicacyTableVC.h */ = {isa = PBXFileReference; lastKnownFileType = sourcecode.c.h; path = ACHDelicacyTableVC.h; sourceTree = "<group>"; };
		5992299221760B56001A39DA /* ACHDelicacyTableVC.m */ = {isa = PBXFileReference; lastKnownFileType = sourcecode.c.objc; path = ACHDelicacyTableVC.m; sourceTree = "<group>"; };
		5992299421760FAF001A39DA /* UIView+frame.h */ = {isa = PBXFileReference; lastKnownFileType = sourcecode.c.h; path = "UIView+frame.h"; sourceTree = "<group>"; };
		5992299521760FAF001A39DA /* UIView+frame.m */ = {isa = PBXFileReference; lastKnownFileType = sourcecode.c.objc; path = "UIView+frame.m"; sourceTree = "<group>"; };
		59B7C8BD217353EB00D45AA4 /* ACHestia.app */ = {isa = PBXFileReference; explicitFileType = wrapper.application; includeInIndex = 0; path = ACHestia.app; sourceTree = BUILT_PRODUCTS_DIR; };
		59B7C8C0217353EC00D45AA4 /* AppDelegate.h */ = {isa = PBXFileReference; lastKnownFileType = sourcecode.c.h; path = AppDelegate.h; sourceTree = "<group>"; };
		59B7C8C1217353EC00D45AA4 /* AppDelegate.m */ = {isa = PBXFileReference; lastKnownFileType = sourcecode.c.objc; path = AppDelegate.m; sourceTree = "<group>"; };
		59B7C8CC217353ED00D45AA4 /* Base */ = {isa = PBXFileReference; lastKnownFileType = file.storyboard; name = Base; path = Base.lproj/LaunchScreen.storyboard; sourceTree = "<group>"; };
		59B7C8CE217353ED00D45AA4 /* Info.plist */ = {isa = PBXFileReference; lastKnownFileType = text.plist.xml; path = Info.plist; sourceTree = "<group>"; };
		59B7C8CF217353ED00D45AA4 /* main.m */ = {isa = PBXFileReference; lastKnownFileType = sourcecode.c.objc; path = main.m; sourceTree = "<group>"; };
		59B7C8D5217353ED00D45AA4 /* ACHestiaUITests.xctest */ = {isa = PBXFileReference; explicitFileType = wrapper.cfbundle; includeInIndex = 0; path = ACHestiaUITests.xctest; sourceTree = BUILT_PRODUCTS_DIR; };
		59B7C8E4217355FD00D45AA4 /* Assets.xcassets */ = {isa = PBXFileReference; lastKnownFileType = folder.assetcatalog; path = Assets.xcassets; sourceTree = "<group>"; };
		59B7C8E92173597600D45AA4 /* ACHWelcomVC.h */ = {isa = PBXFileReference; lastKnownFileType = sourcecode.c.h; path = ACHWelcomVC.h; sourceTree = "<group>"; };
		59B7C8EA2173597600D45AA4 /* ACHWelcomVC.m */ = {isa = PBXFileReference; lastKnownFileType = sourcecode.c.objc; path = ACHWelcomVC.m; sourceTree = "<group>"; };
		59B7C8EC217359F800D45AA4 /* ACH_PCH.pch */ = {isa = PBXFileReference; lastKnownFileType = sourcecode.c.h; path = ACH_PCH.pch; sourceTree = "<group>"; };
		59B7C8EF217363D100D45AA4 /* ACHWelcomVC.storyboard */ = {isa = PBXFileReference; lastKnownFileType = file.storyboard; path = ACHWelcomVC.storyboard; sourceTree = "<group>"; };
		59B7C8F221736D8D00D45AA4 /* ACHButton.h */ = {isa = PBXFileReference; lastKnownFileType = sourcecode.c.h; path = ACHButton.h; sourceTree = "<group>"; };
		59B7C8F321736D8D00D45AA4 /* ACHButton.m */ = {isa = PBXFileReference; lastKnownFileType = sourcecode.c.objc; path = ACHButton.m; sourceTree = "<group>"; };
		59B7C8F52173706B00D45AA4 /* ACHTabBarController.h */ = {isa = PBXFileReference; lastKnownFileType = sourcecode.c.h; path = ACHTabBarController.h; sourceTree = "<group>"; };
		59B7C8F62173706B00D45AA4 /* ACHTabBarController.m */ = {isa = PBXFileReference; lastKnownFileType = sourcecode.c.objc; path = ACHTabBarController.m; sourceTree = "<group>"; };
		59B7C9102173720D00D45AA4 /* ACHFirstViewNAVC.h */ = {isa = PBXFileReference; explicitFileType = sourcecode.c.objc; path = ACHFirstViewNAVC.h; sourceTree = "<group>"; };
		59B7C9112173720D00D45AA4 /* ACHFirstViewNAVC.m */ = {isa = PBXFileReference; lastKnownFileType = sourcecode.c.objc; path = ACHFirstViewNAVC.m; sourceTree = "<group>"; };
		59B7C9132173724100D45AA4 /* ACHDelicacyNAVC.h */ = {isa = PBXFileReference; lastKnownFileType = sourcecode.c.h; path = ACHDelicacyNAVC.h; sourceTree = "<group>"; };
		59B7C9142173724100D45AA4 /* ACHDelicacyNAVC.m */ = {isa = PBXFileReference; lastKnownFileType = sourcecode.c.objc; path = ACHDelicacyNAVC.m; sourceTree = "<group>"; };
		59B7C9162173726A00D45AA4 /* ACHShopCarNAVC.h */ = {isa = PBXFileReference; lastKnownFileType = sourcecode.c.h; path = ACHShopCarNAVC.h; sourceTree = "<group>"; };
		59B7C9172173726A00D45AA4 /* ACHShopCarNAVC.m */ = {isa = PBXFileReference; lastKnownFileType = sourcecode.c.objc; path = ACHShopCarNAVC.m; sourceTree = "<group>"; };
		59B7C9192173728000D45AA4 /* ACHMeNAVC.h */ = {isa = PBXFileReference; lastKnownFileType = sourcecode.c.h; path = ACHMeNAVC.h; sourceTree = "<group>"; };
		59B7C91A2173728000D45AA4 /* ACHMeNAVC.m */ = {isa = PBXFileReference; lastKnownFileType = sourcecode.c.objc; path = ACHMeNAVC.m; sourceTree = "<group>"; };
		59B7C91D2173784500D45AA4 /* UIImage+ACH.h */ = {isa = PBXFileReference; lastKnownFileType = sourcecode.c.h; path = "UIImage+ACH.h"; sourceTree = "<group>"; };
		59B7C91E2173784500D45AA4 /* UIImage+ACH.m */ = {isa = PBXFileReference; lastKnownFileType = sourcecode.c.objc; path = "UIImage+ACH.m"; sourceTree = "<group>"; };
		59B7C921217380E900D45AA4 /* ACHNAVC.h */ = {isa = PBXFileReference; lastKnownFileType = sourcecode.c.h; path = ACHNAVC.h; sourceTree = "<group>"; };
		59B7C922217380E900D45AA4 /* ACHNAVC.m */ = {isa = PBXFileReference; lastKnownFileType = sourcecode.c.objc; path = ACHNAVC.m; sourceTree = "<group>"; };
		59B7C92421738ADD00D45AA4 /* ACHFirstViewTableVC.h */ = {isa = PBXFileReference; lastKnownFileType = sourcecode.c.h; path = ACHFirstViewTableVC.h; sourceTree = "<group>"; };
		59B7C92521738ADD00D45AA4 /* ACHFirstViewTableVC.m */ = {isa = PBXFileReference; lastKnownFileType = sourcecode.c.objc; path = ACHFirstViewTableVC.m; sourceTree = "<group>"; };
		59B7C928217391E600D45AA4 /* ACHFirstViewTranslationAnimtor.h */ = {isa = PBXFileReference; lastKnownFileType = sourcecode.c.h; path = ACHFirstViewTranslationAnimtor.h; sourceTree = "<group>"; };
		59B7C929217391E600D45AA4 /* ACHFirstViewTranslationAnimtor.m */ = {isa = PBXFileReference; lastKnownFileType = sourcecode.c.objc; path = ACHFirstViewTranslationAnimtor.m; sourceTree = "<group>"; };
		59C776AC217995D300A19FD3 /* ACHFirstViewController.h */ = {isa = PBXFileReference; lastKnownFileType = sourcecode.c.h; path = ACHFirstViewController.h; sourceTree = "<group>"; };
		59C776AD217995D300A19FD3 /* ACHFirstViewController.m */ = {isa = PBXFileReference; lastKnownFileType = sourcecode.c.objc; path = ACHFirstViewController.m; sourceTree = "<group>"; };
		59C776AF2179AF1D00A19FD3 /* ACHDelicacyTableVCHeadView.h */ = {isa = PBXFileReference; lastKnownFileType = sourcecode.c.h; path = ACHDelicacyTableVCHeadView.h; sourceTree = "<group>"; };
		59C776B02179AF1D00A19FD3 /* ACHDelicacyTableVCHeadView.m */ = {isa = PBXFileReference; lastKnownFileType = sourcecode.c.objc; path = ACHDelicacyTableVCHeadView.m; sourceTree = "<group>"; };
		59C776B22179AF2B00A19FD3 /* ACHDelicacyTableVCHeadView.xib */ = {isa = PBXFileReference; lastKnownFileType = file.xib; path = ACHDelicacyTableVCHeadView.xib; sourceTree = "<group>"; };
		59C776B42179EC3700A19FD3 /* ACHFirstViewDrivenInteractiveTransition.h */ = {isa = PBXFileReference; lastKnownFileType = sourcecode.c.h; path = ACHFirstViewDrivenInteractiveTransition.h; sourceTree = "<group>"; };
		59C776B52179EC3700A19FD3 /* ACHFirstViewDrivenInteractiveTransition.m */ = {isa = PBXFileReference; lastKnownFileType = sourcecode.c.objc; path = ACHFirstViewDrivenInteractiveTransition.m; sourceTree = "<group>"; };
		59E88C0F2178CA05008ED61F /* ACHDelicacyTableSectionHeaderView.h */ = {isa = PBXFileReference; lastKnownFileType = sourcecode.c.h; path = ACHDelicacyTableSectionHeaderView.h; sourceTree = "<group>"; };
		59E88C102178CA05008ED61F /* ACHDelicacyTableSectionHeaderView.m */ = {isa = PBXFileReference; lastKnownFileType = sourcecode.c.objc; path = ACHDelicacyTableSectionHeaderView.m; sourceTree = "<group>"; };
		59E88C122178CA12008ED61F /* ACHDelicacyTableSectionHeaderView.xib */ = {isa = PBXFileReference; lastKnownFileType = file.xib; path = ACHDelicacyTableSectionHeaderView.xib; sourceTree = "<group>"; };
		59F21CC02177636A0080F93E /* ACHFirstViewTableViewCellItem.h */ = {isa = PBXFileReference; lastKnownFileType = sourcecode.c.h; path = ACHFirstViewTableViewCellItem.h; sourceTree = "<group>"; };
		59F21CC12177636A0080F93E /* ACHFirstViewTableViewCellItem.m */ = {isa = PBXFileReference; lastKnownFileType = sourcecode.c.objc; path = ACHFirstViewTableViewCellItem.m; sourceTree = "<group>"; };
		59F21CC321778B210080F93E /* ACHDelicacyTableVCCellItem.h */ = {isa = PBXFileReference; lastKnownFileType = sourcecode.c.h; path = ACHDelicacyTableVCCellItem.h; sourceTree = "<group>"; };
		59F21CC421778B210080F93E /* ACHDelicacyTableVCCellItem.m */ = {isa = PBXFileReference; lastKnownFileType = sourcecode.c.objc; path = ACHDelicacyTableVCCellItem.m; sourceTree = "<group>"; };
		59F61960217CCFAE00148209 /* ACHShopCarVC.h */ = {isa = PBXFileReference; lastKnownFileType = sourcecode.c.h; path = ACHShopCarVC.h; sourceTree = "<group>"; };
		59F61961217CCFAE00148209 /* ACHShopCarVC.m */ = {isa = PBXFileReference; lastKnownFileType = sourcecode.c.objc; path = ACHShopCarVC.m; sourceTree = "<group>"; };
		59FFC4A8217AF03F006C9998 /* ACHFirstViewNAVCBar.xib */ = {isa = PBXFileReference; lastKnownFileType = file.xib; path = ACHFirstViewNAVCBar.xib; sourceTree = "<group>"; };
		59FFC4AA217AF062006C9998 /* ACHFirstViewNAVCBar.h */ = {isa = PBXFileReference; lastKnownFileType = sourcecode.c.h; path = ACHFirstViewNAVCBar.h; sourceTree = "<group>"; };
		59FFC4AB217AF062006C9998 /* ACHFirstViewNAVCBar.m */ = {isa = PBXFileReference; lastKnownFileType = sourcecode.c.objc; path = ACHFirstViewNAVCBar.m; sourceTree = "<group>"; };
/* End PBXFileReference section */

/* Begin PBXFrameworksBuildPhase section */
		59B7C8BA217353EB00D45AA4 /* Frameworks */ = {
			isa = PBXFrameworksBuildPhase;
			buildActionMask = 2147483647;
			files = (
			);
			runOnlyForDeploymentPostprocessing = 0;
		};
		59B7C8D2217353ED00D45AA4 /* Frameworks */ = {
			isa = PBXFrameworksBuildPhase;
			buildActionMask = 2147483647;
			files = (
			);
			runOnlyForDeploymentPostprocessing = 0;
		};
/* End PBXFrameworksBuildPhase section */

/* Begin PBXGroup section */
		5932F60F21786340008BB5C4 /* ACHDelicacyTableVCCell */ = {
			isa = PBXGroup;
			children = (
				5973968D21784775002A94BB /* ACHDelicacyTableVCCell.xib */,
				5932F6102178637F008BB5C4 /* ACHDelicacyTableVCCellShop.xib */,
				5932F612217863AA008BB5C4 /* ACHDelicacyTableVCCellShopDetail.xib */,
			);
			path = ACHDelicacyTableVCCell;
			sourceTree = "<group>";
		};
		5932F614217863B4008BB5C4 /* ACHDelicacyTableVCCell */ = {
			isa = PBXGroup;
			children = (
				5973968B21784775002A94BB /* ACHDelicacyTableVCCell.h */,
				5973968C21784775002A94BB /* ACHDelicacyTableVCCell.m */,
				5932F615217863CD008BB5C4 /* ACHDelicacyTableVCCellShop.h */,
				5932F616217863CD008BB5C4 /* ACHDelicacyTableVCCellShop.m */,
				5932F618217863DA008BB5C4 /* ACHDelicacyTableVCCellShopDetail.h */,
				5932F619217863DA008BB5C4 /* ACHDelicacyTableVCCellShopDetail.m */,
			);
			path = ACHDelicacyTableVCCell;
			sourceTree = "<group>";
		};
		5952B3A6217CC79300DA4318 /* ACHFastView */ = {
			isa = PBXGroup;
			children = (
				593A219D217476F8000431EB /* ACHFastView.xib */,
				597A70362174C20D00C393A1 /* ACHSmallScrollViewCell.xib */,
			);
			path = ACHFastView;
			sourceTree = "<group>";
		};
		5952B3A7217CC7C200DA4318 /* ACHFastView */ = {
			isa = PBXGroup;
			children = (
				593A219A217476BA000431EB /* ACHFastView.h */,
				593A219B217476BA000431EB /* ACHFastView.m */,
				597A70332174C1E600C393A1 /* ACHSmallScrollViewCell.h */,
				597A70342174C1E600C393A1 /* ACHSmallScrollViewCell.m */,
			);
			path = ACHFastView;
			sourceTree = "<group>";
		};
		597A703E2175D8D600C393A1 /* View */ = {
			isa = PBXGroup;
			children = (
				59B7C8F221736D8D00D45AA4 /* ACHButton.h */,
				59B7C8F321736D8D00D45AA4 /* ACHButton.m */,
				597A70412175DAE300C393A1 /* ACHScrollView.h */,
				597A70422175DAE300C393A1 /* ACHScrollView.m */,
			);
			path = View;
			sourceTree = "<group>";
		};
		597A703F2175D8E700C393A1 /* Controller */ = {
			isa = PBXGroup;
			children = (
				59B7C921217380E900D45AA4 /* ACHNAVC.h */,
				59B7C922217380E900D45AA4 /* ACHNAVC.m */,
			);
			path = Controller;
			sourceTree = "<group>";
		};
		597A70402175DA9400C393A1 /* Category */ = {
			isa = PBXGroup;
			children = (
				59B7C91D2173784500D45AA4 /* UIImage+ACH.h */,
				59B7C91E2173784500D45AA4 /* UIImage+ACH.m */,
				5992299421760FAF001A39DA /* UIView+frame.h */,
				5992299521760FAF001A39DA /* UIView+frame.m */,
			);
			path = Category;
			sourceTree = "<group>";
		};
		598A33AA2176FE0F0040693C /* ACHFirstViewTableVC */ = {
			isa = PBXGroup;
			children = (
				5952B3A7217CC7C200DA4318 /* ACHFastView */,
				598A33AB2176FE480040693C /* ACHFirstHeadView.h */,
				598A33AC2176FE480040693C /* ACHFirstHeadView.m */,
				598A33A52176FA0C0040693C /* ACHFirstViewTableHeadView.h */,
				598A33A62176FA0C0040693C /* ACHFirstViewTableHeadView.m */,
				597A703B21759E9A00C393A1 /* ACHFirstViewTableViewCell.h */,
				597A703C21759E9A00C393A1 /* ACHFirstViewTableViewCell.m */,
			);
			path = ACHFirstViewTableVC;
			sourceTree = "<group>";
		};
		59B7C8B4217353EB00D45AA4 = {
			isa = PBXGroup;
			children = (
				59B7C8BF217353EC00D45AA4 /* ACHestia */,
				59B7C8BE217353EB00D45AA4 /* Products */,
			);
			sourceTree = "<group>";
		};
		59B7C8BE217353EB00D45AA4 /* Products */ = {
			isa = PBXGroup;
			children = (
				59B7C8BD217353EB00D45AA4 /* ACHestia.app */,
				59B7C8D5217353ED00D45AA4 /* ACHestiaUITests.xctest */,
			);
			name = Products;
			sourceTree = "<group>";
		};
		59B7C8BF217353EC00D45AA4 /* ACHestia */ = {
			isa = PBXGroup;
			children = (
				59B7C91C2173782800D45AA4 /* All */,
				59B7C901217371C500D45AA4 /* FirstView */,
				59B7C8FC217371C500D45AA4 /* Delicacy */,
				59B7C906217371C500D45AA4 /* ShopCar */,
				59B7C90B217371C500D45AA4 /* Me */,
				59B7C8E82173592500D45AA4 /* Main */,
				59B7C8E72173579600D45AA4 /* Other */,
				59B7C8E4217355FD00D45AA4 /* Assets.xcassets */,
				59B7C8CB217353ED00D45AA4 /* LaunchScreen.storyboard */,
				59B7C8CE217353ED00D45AA4 /* Info.plist */,
			);
			path = ACHestia;
			sourceTree = "<group>";
		};
		59B7C8E72173579600D45AA4 /* Other */ = {
			isa = PBXGroup;
			children = (
				59B7C8C0217353EC00D45AA4 /* AppDelegate.h */,
				59B7C8C1217353EC00D45AA4 /* AppDelegate.m */,
				59B7C8CF217353ED00D45AA4 /* main.m */,
				59B7C8EC217359F800D45AA4 /* ACH_PCH.pch */,
			);
			path = Other;
			sourceTree = "<group>";
		};
		59B7C8E82173592500D45AA4 /* Main */ = {
			isa = PBXGroup;
			children = (
				59B7C8F121736D7A00D45AA4 /* View */,
				59B7C8EE217363B900D45AA4 /* XIB */,
				59B7C8ED2173635D00D45AA4 /* Controller */,
			);
			path = Main;
			sourceTree = "<group>";
		};
		59B7C8ED2173635D00D45AA4 /* Controller */ = {
			isa = PBXGroup;
			children = (
				59B7C8E92173597600D45AA4 /* ACHWelcomVC.h */,
				59B7C8EA2173597600D45AA4 /* ACHWelcomVC.m */,
				59B7C8F52173706B00D45AA4 /* ACHTabBarController.h */,
				59B7C8F62173706B00D45AA4 /* ACHTabBarController.m */,
			);
			path = Controller;
			sourceTree = "<group>";
		};
		59B7C8EE217363B900D45AA4 /* XIB */ = {
			isa = PBXGroup;
			children = (
				59B7C8EF217363D100D45AA4 /* ACHWelcomVC.storyboard */,
			);
			path = XIB;
			sourceTree = "<group>";
		};
		59B7C8F121736D7A00D45AA4 /* View */ = {
			isa = PBXGroup;
			children = (
			);
			path = View;
			sourceTree = "<group>";
		};
		59B7C8FC217371C500D45AA4 /* Delicacy */ = {
			isa = PBXGroup;
			children = (
				59B7C8FD217371C500D45AA4 /* XIB */,
				59B7C8FE217371C500D45AA4 /* Controller */,
				59B7C8FF217371C500D45AA4 /* Model */,
				59B7C900217371C500D45AA4 /* View */,
			);
			path = Delicacy;
			sourceTree = "<group>";
		};
		59B7C8FD217371C500D45AA4 /* XIB */ = {
			isa = PBXGroup;
			children = (
				5932F60F21786340008BB5C4 /* ACHDelicacyTableVCCell */,
				59E88C122178CA12008ED61F /* ACHDelicacyTableSectionHeaderView.xib */,
				59C776B22179AF2B00A19FD3 /* ACHDelicacyTableVCHeadView.xib */,
			);
			path = XIB;
			sourceTree = "<group>";
		};
		59B7C8FE217371C500D45AA4 /* Controller */ = {
			isa = PBXGroup;
			children = (
				59B7C9132173724100D45AA4 /* ACHDelicacyNAVC.h */,
				59B7C9142173724100D45AA4 /* ACHDelicacyNAVC.m */,
				5992299121760B56001A39DA /* ACHDelicacyTableVC.h */,
				5992299221760B56001A39DA /* ACHDelicacyTableVC.m */,
			);
			path = Controller;
			sourceTree = "<group>";
		};
		59B7C8FF217371C500D45AA4 /* Model */ = {
			isa = PBXGroup;
			children = (
				59F21CC321778B210080F93E /* ACHDelicacyTableVCCellItem.h */,
				59F21CC421778B210080F93E /* ACHDelicacyTableVCCellItem.m */,
			);
			path = Model;
			sourceTree = "<group>";
		};
		59B7C900217371C500D45AA4 /* View */ = {
			isa = PBXGroup;
			children = (
				5932F614217863B4008BB5C4 /* ACHDelicacyTableVCCell */,
				59E88C0F2178CA05008ED61F /* ACHDelicacyTableSectionHeaderView.h */,
				59E88C102178CA05008ED61F /* ACHDelicacyTableSectionHeaderView.m */,
				59C776AF2179AF1D00A19FD3 /* ACHDelicacyTableVCHeadView.h */,
				59C776B02179AF1D00A19FD3 /* ACHDelicacyTableVCHeadView.m */,
			);
			path = View;
			sourceTree = "<group>";
		};
		59B7C901217371C500D45AA4 /* FirstView */ = {
			isa = PBXGroup;
			children = (
				59B7C927217391B100D45AA4 /* Other */,
				59B7C902217371C500D45AA4 /* XIB */,
				59B7C903217371C500D45AA4 /* Controller */,
				59B7C904217371C500D45AA4 /* Model */,
				59B7C905217371C500D45AA4 /* View */,
			);
			path = FirstView;
			sourceTree = "<group>";
		};
		59B7C902217371C500D45AA4 /* XIB */ = {
			isa = PBXGroup;
			children = (
				59FFC4A6217AEFF7006C9998 /* ACHFirstViewTableVC */,
				59FFC4A8217AF03F006C9998 /* ACHFirstViewNAVCBar.xib */,
			);
			path = XIB;
			sourceTree = "<group>";
		};
		59B7C903217371C500D45AA4 /* Controller */ = {
			isa = PBXGroup;
			children = (
				59B7C9102173720D00D45AA4 /* ACHFirstViewNAVC.h */,
				59B7C9112173720D00D45AA4 /* ACHFirstViewNAVC.m */,
				59B7C92421738ADD00D45AA4 /* ACHFirstViewTableVC.h */,
				59B7C92521738ADD00D45AA4 /* ACHFirstViewTableVC.m */,
				59C776AC217995D300A19FD3 /* ACHFirstViewController.h */,
				59C776AD217995D300A19FD3 /* ACHFirstViewController.m */,
			);
			path = Controller;
			sourceTree = "<group>";
		};
		59B7C904217371C500D45AA4 /* Model */ = {
			isa = PBXGroup;
			children = (
				59FFC4A7217AF00F006C9998 /* ACHFirstViewTableVC */,
			);
			path = Model;
			sourceTree = "<group>";
		};
		59B7C905217371C500D45AA4 /* View */ = {
			isa = PBXGroup;
			children = (
				598A33AA2176FE0F0040693C /* ACHFirstViewTableVC */,
				59FFC4AA217AF062006C9998 /* ACHFirstViewNAVCBar.h */,
				59FFC4AB217AF062006C9998 /* ACHFirstViewNAVCBar.m */,
			);
			path = View;
			sourceTree = "<group>";
		};
		59B7C906217371C500D45AA4 /* ShopCar */ = {
			isa = PBXGroup;
			children = (
				59B7C907217371C500D45AA4 /* XIB */,
				59B7C908217371C500D45AA4 /* Controller */,
				59B7C909217371C500D45AA4 /* Model */,
				59B7C90A217371C500D45AA4 /* View */,
			);
			path = ShopCar;
			sourceTree = "<group>";
		};
		59B7C907217371C500D45AA4 /* XIB */ = {
			isa = PBXGroup;
			children = (
			);
			path = XIB;
			sourceTree = "<group>";
		};
		59B7C908217371C500D45AA4 /* Controller */ = {
			isa = PBXGroup;
			children = (
				59B7C9162173726A00D45AA4 /* ACHShopCarNAVC.h */,
				59B7C9172173726A00D45AA4 /* ACHShopCarNAVC.m */,
				59F61960217CCFAE00148209 /* ACHShopCarVC.h */,
				59F61961217CCFAE00148209 /* ACHShopCarVC.m */,
			);
			path = Controller;
			sourceTree = "<group>";
		};
		59B7C909217371C500D45AA4 /* Model */ = {
			isa = PBXGroup;
			children = (
			);
			path = Model;
			sourceTree = "<group>";
		};
		59B7C90A217371C500D45AA4 /* View */ = {
			isa = PBXGroup;
			children = (
			);
			path = View;
			sourceTree = "<group>";
		};
		59B7C90B217371C500D45AA4 /* Me */ = {
			isa = PBXGroup;
			children = (
				59B7C90C217371C500D45AA4 /* XIB */,
				59B7C90D217371C500D45AA4 /* Controller */,
				59B7C90E217371C500D45AA4 /* Model */,
				59B7C90F217371C500D45AA4 /* View */,
			);
			path = Me;
			sourceTree = "<group>";
		};
		59B7C90C217371C500D45AA4 /* XIB */ = {
			isa = PBXGroup;
			children = (
			);
			path = XIB;
			sourceTree = "<group>";
		};
		59B7C90D217371C500D45AA4 /* Controller */ = {
			isa = PBXGroup;
			children = (
				59B7C9192173728000D45AA4 /* ACHMeNAVC.h */,
				59B7C91A2173728000D45AA4 /* ACHMeNAVC.m */,
			);
			path = Controller;
			sourceTree = "<group>";
		};
		59B7C90E217371C500D45AA4 /* Model */ = {
			isa = PBXGroup;
			children = (
			);
			path = Model;
			sourceTree = "<group>";
		};
		59B7C90F217371C500D45AA4 /* View */ = {
			isa = PBXGroup;
			children = (
			);
			path = View;
			sourceTree = "<group>";
		};
		59B7C91C2173782800D45AA4 /* All */ = {
			isa = PBXGroup;
			children = (
				597A70402175DA9400C393A1 /* Category */,
				597A703F2175D8E700C393A1 /* Controller */,
				597A703E2175D8D600C393A1 /* View */,
			);
			path = All;
			sourceTree = "<group>";
		};
		59B7C927217391B100D45AA4 /* Other */ = {
			isa = PBXGroup;
			children = (
				59B7C928217391E600D45AA4 /* ACHFirstViewTranslationAnimtor.h */,
				59B7C929217391E600D45AA4 /* ACHFirstViewTranslationAnimtor.m */,
				59C776B42179EC3700A19FD3 /* ACHFirstViewDrivenInteractiveTransition.h */,
				59C776B52179EC3700A19FD3 /* ACHFirstViewDrivenInteractiveTransition.m */,
			);
			path = Other;
			sourceTree = "<group>";
		};
		59FFC4A6217AEFF7006C9998 /* ACHFirstViewTableVC */ = {
			isa = PBXGroup;
			children = (
				5952B3A6217CC79300DA4318 /* ACHFastView */,
				5989960B217708AE00BBB3BB /* ACHFirstHeadView.xib */,
				598A33A82176FA1D0040693C /* ACHFirstViewTableHeadView.xib */,
				5989960D21770E8500BBB3BB /* ACHFirstViewTableViewCell.xib */,
			);
			path = ACHFirstViewTableVC;
			sourceTree = "<group>";
		};
		59FFC4A7217AF00F006C9998 /* ACHFirstViewTableVC */ = {
			isa = PBXGroup;
			children = (
				597A70382174CF6000C393A1 /* ACHSmallScrollViewCellItem.h */,
				597A70392174CF6000C393A1 /* ACHSmallScrollViewCellItem.m */,
				59F21CC02177636A0080F93E /* ACHFirstViewTableViewCellItem.h */,
				59F21CC12177636A0080F93E /* ACHFirstViewTableViewCellItem.m */,
			);
			path = ACHFirstViewTableVC;
			sourceTree = "<group>";
		};
/* End PBXGroup section */

/* Begin PBXNativeTarget section */
		59B7C8BC217353EB00D45AA4 /* ACHestia */ = {
			isa = PBXNativeTarget;
			buildConfigurationList = 59B7C8DE217353ED00D45AA4 /* Build configuration list for PBXNativeTarget "ACHestia" */;
			buildPhases = (
				59B7C8B9217353EB00D45AA4 /* Sources */,
				59B7C8BA217353EB00D45AA4 /* Frameworks */,
				59B7C8BB217353EB00D45AA4 /* Resources */,
			);
			buildRules = (
			);
			dependencies = (
			);
			name = ACHestia;
			productName = ACHestia;
			productReference = 59B7C8BD217353EB00D45AA4 /* ACHestia.app */;
			productType = "com.apple.product-type.application";
		};
		59B7C8D4217353ED00D45AA4 /* ACHestiaUITests */ = {
			isa = PBXNativeTarget;
			buildConfigurationList = 59B7C8E1217353ED00D45AA4 /* Build configuration list for PBXNativeTarget "ACHestiaUITests" */;
			buildPhases = (
				59B7C8D1217353ED00D45AA4 /* Sources */,
				59B7C8D2217353ED00D45AA4 /* Frameworks */,
				59B7C8D3217353ED00D45AA4 /* Resources */,
			);
			buildRules = (
			);
			dependencies = (
				59B7C8D7217353ED00D45AA4 /* PBXTargetDependency */,
			);
			name = ACHestiaUITests;
			productName = ACHestiaUITests;
			productReference = 59B7C8D5217353ED00D45AA4 /* ACHestiaUITests.xctest */;
			productType = "com.apple.product-type.bundle.ui-testing";
		};
/* End PBXNativeTarget section */

/* Begin PBXProject section */
		59B7C8B5217353EB00D45AA4 /* Project object */ = {
			isa = PBXProject;
			attributes = {
				CLASSPREFIX = ACH;
				LastUpgradeCheck = 1000;
				ORGANIZATIONNAME = Acery;
				TargetAttributes = {
					59B7C8BC217353EB00D45AA4 = {
						CreatedOnToolsVersion = 10.0;
					};
					59B7C8D4217353ED00D45AA4 = {
						CreatedOnToolsVersion = 10.0;
						TestTargetID = 59B7C8BC217353EB00D45AA4;
					};
				};
			};
			buildConfigurationList = 59B7C8B8217353EB00D45AA4 /* Build configuration list for PBXProject "ACHestia" */;
			compatibilityVersion = "Xcode 9.3";
			developmentRegion = en;
			hasScannedForEncodings = 0;
			knownRegions = (
				en,
				Base,
			);
			mainGroup = 59B7C8B4217353EB00D45AA4;
			productRefGroup = 59B7C8BE217353EB00D45AA4 /* Products */;
			projectDirPath = "";
			projectRoot = "";
			targets = (
				59B7C8BC217353EB00D45AA4 /* ACHestia */,
				59B7C8D4217353ED00D45AA4 /* ACHestiaUITests */,
			);
		};
/* End PBXProject section */

/* Begin PBXResourcesBuildPhase section */
		59B7C8BB217353EB00D45AA4 /* Resources */ = {
			isa = PBXResourcesBuildPhase;
			buildActionMask = 2147483647;
			files = (
				5932F613217863AA008BB5C4 /* ACHDelicacyTableVCCellShopDetail.xib in Resources */,
				5989960E21770E8500BBB3BB /* ACHFirstViewTableViewCell.xib in Resources */,
				59B7C8F0217363D100D45AA4 /* ACHWelcomVC.storyboard in Resources */,
				593A219E217476F8000431EB /* ACHFastView.xib in Resources */,
				59FFC4A9217AF03F006C9998 /* ACHFirstViewNAVCBar.xib in Resources */,
				5932F6112178637F008BB5C4 /* ACHDelicacyTableVCCellShop.xib in Resources */,
				5989960C217708AE00BBB3BB /* ACHFirstHeadView.xib in Resources */,
				598A33A92176FA1D0040693C /* ACHFirstViewTableHeadView.xib in Resources */,
				59E88C132178CA12008ED61F /* ACHDelicacyTableSectionHeaderView.xib in Resources */,
				5973968F21784775002A94BB /* ACHDelicacyTableVCCell.xib in Resources */,
				59B7C8CD217353ED00D45AA4 /* LaunchScreen.storyboard in Resources */,
				59C776B32179AF2B00A19FD3 /* ACHDelicacyTableVCHeadView.xib in Resources */,
				597A70372174C20D00C393A1 /* ACHSmallScrollViewCell.xib in Resources */,
				59B7C8E5217355FD00D45AA4 /* Assets.xcassets in Resources */,
			);
			runOnlyForDeploymentPostprocessing = 0;
		};
		59B7C8D3217353ED00D45AA4 /* Resources */ = {
			isa = PBXResourcesBuildPhase;
			buildActionMask = 2147483647;
			files = (
			);
			runOnlyForDeploymentPostprocessing = 0;
		};
/* End PBXResourcesBuildPhase section */

/* Begin PBXSourcesBuildPhase section */
		59B7C8B9217353EB00D45AA4 /* Sources */ = {
			isa = PBXSourcesBuildPhase;
			buildActionMask = 2147483647;
			files = (
				59B7C91F2173784500D45AA4 /* UIImage+ACH.m in Sources */,
				59B7C92021737E9700D45AA4 /* ACHFirstViewNAVC.h in Sources */,
				59C776AE217995D300A19FD3 /* ACHFirstViewController.m in Sources */,
				5973968E21784775002A94BB /* ACHDelicacyTableVCCell.m in Sources */,
				59C776B62179EC3700A19FD3 /* ACHFirstViewDrivenInteractiveTransition.m in Sources */,
				597A70352174C1E600C393A1 /* ACHSmallScrollViewCell.m in Sources */,
				59B7C8EB2173597600D45AA4 /* ACHWelcomVC.m in Sources */,
				598A33A72176FA0C0040693C /* ACHFirstViewTableHeadView.m in Sources */,
				59F21CC521778B210080F93E /* ACHDelicacyTableVCCellItem.m in Sources */,
				59B7C8D0217353ED00D45AA4 /* main.m in Sources */,
				598A33AD2176FE480040693C /* ACHFirstHeadView.m in Sources */,
				593A219C217476BA000431EB /* ACHFastView.m in Sources */,
				59B7C92A217391E600D45AA4 /* ACHFirstViewTranslationAnimtor.m in Sources */,
				597A70432175DAE300C393A1 /* ACHScrollView.m in Sources */,
				59E88C112178CA05008ED61F /* ACHDelicacyTableSectionHeaderView.m in Sources */,
				59B7C92621738ADD00D45AA4 /* ACHFirstViewTableVC.m in Sources */,
				59F61962217CCFAE00148209 /* ACHShopCarVC.m in Sources */,
				5992299321760B56001A39DA /* ACHDelicacyTableVC.m in Sources */,
				59C776B12179AF1D00A19FD3 /* ACHDelicacyTableVCHeadView.m in Sources */,
				59B7C923217380E900D45AA4 /* ACHNAVC.m in Sources */,
				597A703D21759E9A00C393A1 /* ACHFirstViewTableViewCell.m in Sources */,
				59B7C8F421736D8D00D45AA4 /* ACHButton.m in Sources */,
				597A703A2174CF6000C393A1 /* ACHSmallScrollViewCellItem.m in Sources */,
				59B7C9152173724100D45AA4 /* ACHDelicacyNAVC.m in Sources */,
				59B7C8F72173706B00D45AA4 /* ACHTabBarController.m in Sources */,
				59B7C8C2217353EC00D45AA4 /* AppDelegate.m in Sources */,
				5932F61A217863DA008BB5C4 /* ACHDelicacyTableVCCellShopDetail.m in Sources */,
				59F21CC22177636A0080F93E /* ACHFirstViewTableViewCellItem.m in Sources */,
				59B7C9182173726A00D45AA4 /* ACHShopCarNAVC.m in Sources */,
				5932F617217863CD008BB5C4 /* ACHDelicacyTableVCCellShop.m in Sources */,
				5992299621760FAF001A39DA /* UIView+frame.m in Sources */,
				59B7C91B2173728000D45AA4 /* ACHMeNAVC.m in Sources */,
				59FFC4AC217AF062006C9998 /* ACHFirstViewNAVCBar.m in Sources */,
				59B7C9122173720D00D45AA4 /* ACHFirstViewNAVC.m in Sources */,
			);
			runOnlyForDeploymentPostprocessing = 0;
		};
		59B7C8D1217353ED00D45AA4 /* Sources */ = {
			isa = PBXSourcesBuildPhase;
			buildActionMask = 2147483647;
			files = (
			);
			runOnlyForDeploymentPostprocessing = 0;
		};
/* End PBXSourcesBuildPhase section */

/* Begin PBXTargetDependency section */
		59B7C8D7217353ED00D45AA4 /* PBXTargetDependency */ = {
			isa = PBXTargetDependency;
			target = 59B7C8BC217353EB00D45AA4 /* ACHestia */;
			targetProxy = 59B7C8D6217353ED00D45AA4 /* PBXContainerItemProxy */;
		};
/* End PBXTargetDependency section */

/* Begin PBXVariantGroup section */
		59B7C8CB217353ED00D45AA4 /* LaunchScreen.storyboard */ = {
			isa = PBXVariantGroup;
			children = (
				59B7C8CC217353ED00D45AA4 /* Base */,
			);
			name = LaunchScreen.storyboard;
			sourceTree = "<group>";
		};
/* End PBXVariantGroup section */

/* Begin XCBuildConfiguration section */
		59B7C8DC217353ED00D45AA4 /* Debug */ = {
			isa = XCBuildConfiguration;
			buildSettings = {
				ALWAYS_SEARCH_USER_PATHS = NO;
				CLANG_ANALYZER_NONNULL = YES;
				CLANG_ANALYZER_NUMBER_OBJECT_CONVERSION = YES_AGGRESSIVE;
				CLANG_CXX_LANGUAGE_STANDARD = "gnu++14";
				CLANG_CXX_LIBRARY = "libc++";
				CLANG_ENABLE_MODULES = YES;
				CLANG_ENABLE_OBJC_ARC = YES;
				CLANG_ENABLE_OBJC_WEAK = YES;
				CLANG_WARN_BLOCK_CAPTURE_AUTORELEASING = YES;
				CLANG_WARN_BOOL_CONVERSION = YES;
				CLANG_WARN_COMMA = YES;
				CLANG_WARN_CONSTANT_CONVERSION = YES;
				CLANG_WARN_DEPRECATED_OBJC_IMPLEMENTATIONS = YES;
				CLANG_WARN_DIRECT_OBJC_ISA_USAGE = YES_ERROR;
				CLANG_WARN_DOCUMENTATION_COMMENTS = YES;
				CLANG_WARN_EMPTY_BODY = YES;
				CLANG_WARN_ENUM_CONVERSION = YES;
				CLANG_WARN_INFINITE_RECURSION = YES;
				CLANG_WARN_INT_CONVERSION = YES;
				CLANG_WARN_NON_LITERAL_NULL_CONVERSION = YES;
				CLANG_WARN_OBJC_IMPLICIT_RETAIN_SELF = YES;
				CLANG_WARN_OBJC_LITERAL_CONVERSION = YES;
				CLANG_WARN_OBJC_ROOT_CLASS = YES_ERROR;
				CLANG_WARN_RANGE_LOOP_ANALYSIS = YES;
				CLANG_WARN_STRICT_PROTOTYPES = YES;
				CLANG_WARN_SUSPICIOUS_MOVE = YES;
				CLANG_WARN_UNGUARDED_AVAILABILITY = YES_AGGRESSIVE;
				CLANG_WARN_UNREACHABLE_CODE = YES;
				CLANG_WARN__DUPLICATE_METHOD_MATCH = YES;
				CODE_SIGN_IDENTITY = "iPhone Developer";
				COPY_PHASE_STRIP = NO;
				DEBUG_INFORMATION_FORMAT = dwarf;
				ENABLE_STRICT_OBJC_MSGSEND = YES;
				ENABLE_TESTABILITY = YES;
				GCC_C_LANGUAGE_STANDARD = gnu11;
				GCC_DYNAMIC_NO_PIC = NO;
				GCC_NO_COMMON_BLOCKS = YES;
				GCC_OPTIMIZATION_LEVEL = 0;
				GCC_PREPROCESSOR_DEFINITIONS = (
					"DEBUG=1",
					"$(inherited)",
				);
				GCC_WARN_64_TO_32_BIT_CONVERSION = YES;
				GCC_WARN_ABOUT_RETURN_TYPE = YES_ERROR;
				GCC_WARN_UNDECLARED_SELECTOR = YES;
				GCC_WARN_UNINITIALIZED_AUTOS = YES_AGGRESSIVE;
				GCC_WARN_UNUSED_FUNCTION = YES;
				GCC_WARN_UNUSED_VARIABLE = YES;
				IPHONEOS_DEPLOYMENT_TARGET = 12.0;
				MTL_ENABLE_DEBUG_INFO = INCLUDE_SOURCE;
				MTL_FAST_MATH = YES;
				ONLY_ACTIVE_ARCH = YES;
				SDKROOT = iphoneos;
			};
			name = Debug;
		};
		59B7C8DD217353ED00D45AA4 /* Release */ = {
			isa = XCBuildConfiguration;
			buildSettings = {
				ALWAYS_SEARCH_USER_PATHS = NO;
				CLANG_ANALYZER_NONNULL = YES;
				CLANG_ANALYZER_NUMBER_OBJECT_CONVERSION = YES_AGGRESSIVE;
				CLANG_CXX_LANGUAGE_STANDARD = "gnu++14";
				CLANG_CXX_LIBRARY = "libc++";
				CLANG_ENABLE_MODULES = YES;
				CLANG_ENABLE_OBJC_ARC = YES;
				CLANG_ENABLE_OBJC_WEAK = YES;
				CLANG_WARN_BLOCK_CAPTURE_AUTORELEASING = YES;
				CLANG_WARN_BOOL_CONVERSION = YES;
				CLANG_WARN_COMMA = YES;
				CLANG_WARN_CONSTANT_CONVERSION = YES;
				CLANG_WARN_DEPRECATED_OBJC_IMPLEMENTATIONS = YES;
				CLANG_WARN_DIRECT_OBJC_ISA_USAGE = YES_ERROR;
				CLANG_WARN_DOCUMENTATION_COMMENTS = YES;
				CLANG_WARN_EMPTY_BODY = YES;
				CLANG_WARN_ENUM_CONVERSION = YES;
				CLANG_WARN_INFINITE_RECURSION = YES;
				CLANG_WARN_INT_CONVERSION = YES;
				CLANG_WARN_NON_LITERAL_NULL_CONVERSION = YES;
				CLANG_WARN_OBJC_IMPLICIT_RETAIN_SELF = YES;
				CLANG_WARN_OBJC_LITERAL_CONVERSION = YES;
				CLANG_WARN_OBJC_ROOT_CLASS = YES_ERROR;
				CLANG_WARN_RANGE_LOOP_ANALYSIS = YES;
				CLANG_WARN_STRICT_PROTOTYPES = YES;
				CLANG_WARN_SUSPICIOUS_MOVE = YES;
				CLANG_WARN_UNGUARDED_AVAILABILITY = YES_AGGRESSIVE;
				CLANG_WARN_UNREACHABLE_CODE = YES;
				CLANG_WARN__DUPLICATE_METHOD_MATCH = YES;
				CODE_SIGN_IDENTITY = "iPhone Developer";
				COPY_PHASE_STRIP = NO;
				DEBUG_INFORMATION_FORMAT = "dwarf-with-dsym";
				ENABLE_NS_ASSERTIONS = NO;
				ENABLE_STRICT_OBJC_MSGSEND = YES;
				GCC_C_LANGUAGE_STANDARD = gnu11;
				GCC_NO_COMMON_BLOCKS = YES;
				GCC_WARN_64_TO_32_BIT_CONVERSION = YES;
				GCC_WARN_ABOUT_RETURN_TYPE = YES_ERROR;
				GCC_WARN_UNDECLARED_SELECTOR = YES;
				GCC_WARN_UNINITIALIZED_AUTOS = YES_AGGRESSIVE;
				GCC_WARN_UNUSED_FUNCTION = YES;
				GCC_WARN_UNUSED_VARIABLE = YES;
				IPHONEOS_DEPLOYMENT_TARGET = 12.0;
				MTL_ENABLE_DEBUG_INFO = NO;
				MTL_FAST_MATH = YES;
				SDKROOT = iphoneos;
				VALIDATE_PRODUCT = YES;
			};
			name = Release;
		};
		59B7C8DF217353ED00D45AA4 /* Debug */ = {
			isa = XCBuildConfiguration;
			buildSettings = {
				ASSETCATALOG_COMPILER_APPICON_NAME = AppIcon;
				CODE_SIGN_IDENTITY = "iPhone Developer";
				CODE_SIGN_STYLE = Automatic;
				DEVELOPMENT_TEAM = LRH9ZTMD5B;
				GCC_INCREASE_PRECOMPILED_HEADER_SHARING = YES;
				GCC_PREFIX_HEADER = ACHestia/Other/ACH_PCH.pch;
				INFOPLIST_FILE = ACHestia/Info.plist;
				IPHONEOS_DEPLOYMENT_TARGET = 11.4;
				LD_RUNPATH_SEARCH_PATHS = (
					"$(inherited)",
					"@executable_path/Frameworks",
				);
				PRODUCT_BUNDLE_IDENTIFIER = com.Acery.ACHestia;
				PRODUCT_NAME = "$(TARGET_NAME)";
				PROVISIONING_PROFILE_SPECIFIER = "";
				TARGETED_DEVICE_FAMILY = 1;
			};
			name = Debug;
		};
		59B7C8E0217353ED00D45AA4 /* Release */ = {
			isa = XCBuildConfiguration;
			buildSettings = {
				ASSETCATALOG_COMPILER_APPICON_NAME = AppIcon;
				CODE_SIGN_IDENTITY = "iPhone Developer";
				CODE_SIGN_STYLE = Automatic;
				DEVELOPMENT_TEAM = LRH9ZTMD5B;
				GCC_INCREASE_PRECOMPILED_HEADER_SHARING = YES;
				GCC_PREFIX_HEADER = ACHestia/Other/ACH_PCH.pch;
				INFOPLIST_FILE = ACHestia/Info.plist;
				IPHONEOS_DEPLOYMENT_TARGET = 11.4;
				LD_RUNPATH_SEARCH_PATHS = (
					"$(inherited)",
					"@executable_path/Frameworks",
				);
				PRODUCT_BUNDLE_IDENTIFIER = com.Acery.ACHestia;
				PRODUCT_NAME = "$(TARGET_NAME)";
				PROVISIONING_PROFILE_SPECIFIER = "";
				TARGETED_DEVICE_FAMILY = 1;
			};
			name = Release;
		};
		59B7C8E2217353ED00D45AA4 /* Debug */ = {
			isa = XCBuildConfiguration;
			buildSettings = {
				CODE_SIGN_STYLE = Automatic;
				DEVELOPMENT_TEAM = LRH9ZTMD5B;
				INFOPLIST_FILE = ACHestiaUITests/Info.plist;
				LD_RUNPATH_SEARCH_PATHS = (
					"$(inherited)",
					"@executable_path/Frameworks",
					"@loader_path/Frameworks",
				);
				PRODUCT_BUNDLE_IDENTIFIER = com.Acery.ACHestiaUITests;
				PRODUCT_NAME = "$(TARGET_NAME)";
				TARGETED_DEVICE_FAMILY = "1,2";
				TEST_TARGET_NAME = ACHestia;
			};
			name = Debug;
		};
		59B7C8E3217353ED00D45AA4 /* Release */ = {
			isa = XCBuildConfiguration;
			buildSettings = {
				CODE_SIGN_STYLE = Automatic;
				DEVELOPMENT_TEAM = LRH9ZTMD5B;
				INFOPLIST_FILE = ACHestiaUITests/Info.plist;
				LD_RUNPATH_SEARCH_PATHS = (
					"$(inherited)",
					"@executable_path/Frameworks",
					"@loader_path/Frameworks",
				);
				PRODUCT_BUNDLE_IDENTIFIER = com.Acery.ACHestiaUITests;
				PRODUCT_NAME = "$(TARGET_NAME)";
				TARGETED_DEVICE_FAMILY = "1,2";
				TEST_TARGET_NAME = ACHestia;
			};
			name = Release;
		};
/* End XCBuildConfiguration section */

/* Begin XCConfigurationList section */
		59B7C8B8217353EB00D45AA4 /* Build configuration list for PBXProject "ACHestia" */ = {
			isa = XCConfigurationList;
			buildConfigurations = (
				59B7C8DC217353ED00D45AA4 /* Debug */,
				59B7C8DD217353ED00D45AA4 /* Release */,
			);
			defaultConfigurationIsVisible = 0;
			defaultConfigurationName = Release;
		};
		59B7C8DE217353ED00D45AA4 /* Build configuration list for PBXNativeTarget "ACHestia" */ = {
			isa = XCConfigurationList;
			buildConfigurations = (
				59B7C8DF217353ED00D45AA4 /* Debug */,
				59B7C8E0217353ED00D45AA4 /* Release */,
			);
			defaultConfigurationIsVisible = 0;
			defaultConfigurationName = Release;
		};
		59B7C8E1217353ED00D45AA4 /* Build configuration list for PBXNativeTarget "ACHestiaUITests" */ = {
			isa = XCConfigurationList;
			buildConfigurations = (
				59B7C8E2217353ED00D45AA4 /* Debug */,
				59B7C8E3217353ED00D45AA4 /* Release */,
			);
			defaultConfigurationIsVisible = 0;
			defaultConfigurationName = Release;
		};
/* End XCConfigurationList section */
	};
	rootObject = 59B7C8B5217353EB00D45AA4 /* Project object */;
}
